// !$*UTF8*$!
{
	archiveVersion = 1;
	classes = {
	};
	objectVersion = 56;
	objects = {

/* Begin PBXBuildFile section */
		BE79924A2AFDF26100E78A4A /* AppDelegate.swift in Sources */ = {isa = PBXBuildFile; fileRef = BE7992492AFDF26100E78A4A /* AppDelegate.swift */; };
		BE79924C2AFDF26100E78A4A /* SceneDelegate.swift in Sources */ = {isa = PBXBuildFile; fileRef = BE79924B2AFDF26100E78A4A /* SceneDelegate.swift */; };
		BE7992512AFDF26100E78A4A /* Main.storyboard in Resources */ = {isa = PBXBuildFile; fileRef = BE79924F2AFDF26100E78A4A /* Main.storyboard */; };
		BE7992532AFDF26100E78A4A /* Assets.xcassets in Resources */ = {isa = PBXBuildFile; fileRef = BE7992522AFDF26100E78A4A /* Assets.xcassets */; };
		BE7992562AFDF26100E78A4A /* LaunchScreen.storyboard in Resources */ = {isa = PBXBuildFile; fileRef = BE7992542AFDF26100E78A4A /* LaunchScreen.storyboard */; };
		BE7992612AFDF26200E78A4A /* NRCOnboarding_moonTests.swift in Sources */ = {isa = PBXBuildFile; fileRef = BE7992602AFDF26200E78A4A /* NRCOnboarding_moonTests.swift */; };
		BE79926B2AFDF26200E78A4A /* NRCOnboarding_moonUITests.swift in Sources */ = {isa = PBXBuildFile; fileRef = BE79926A2AFDF26200E78A4A /* NRCOnboarding_moonUITests.swift */; };
		BE79926D2AFDF26200E78A4A /* NRCOnboarding_moonUITestsLaunchTests.swift in Sources */ = {isa = PBXBuildFile; fileRef = BE79926C2AFDF26200E78A4A /* NRCOnboarding_moonUITestsLaunchTests.swift */; };
		BE79927A2AFDF2AC00E78A4A /* OnboardingMessage.swift in Sources */ = {isa = PBXBuildFile; fileRef = BE7992792AFDF2AC00E78A4A /* OnboardingMessage.swift */; };
		BE79927C2AFDF32A00E78A4A /* OnboardingViewController.swift in Sources */ = {isa = PBXBuildFile; fileRef = BE79927B2AFDF32A00E78A4A /* OnboardingViewController.swift */; };
/* End PBXBuildFile section */

/* Begin PBXContainerItemProxy section */
		BE79925D2AFDF26200E78A4A /* PBXContainerItemProxy */ = {
			isa = PBXContainerItemProxy;
			containerPortal = BE79923E2AFDF26100E78A4A /* Project object */;
			proxyType = 1;
			remoteGlobalIDString = BE7992452AFDF26100E78A4A;
			remoteInfo = NRCOnboarding_moon;
		};
		BE7992672AFDF26200E78A4A /* PBXContainerItemProxy */ = {
			isa = PBXContainerItemProxy;
			containerPortal = BE79923E2AFDF26100E78A4A /* Project object */;
			proxyType = 1;
			remoteGlobalIDString = BE7992452AFDF26100E78A4A;
			remoteInfo = NRCOnboarding_moon;
		};
/* End PBXContainerItemProxy section */

/* Begin PBXFileReference section */
		BE7992462AFDF26100E78A4A /* NRCOnboarding_moon.app */ = {isa = PBXFileReference; explicitFileType = wrapper.application; includeInIndex = 0; path = NRCOnboarding_moon.app; sourceTree = BUILT_PRODUCTS_DIR; };
		BE7992492AFDF26100E78A4A /* AppDelegate.swift */ = {isa = PBXFileReference; lastKnownFileType = sourcecode.swift; path = AppDelegate.swift; sourceTree = "<group>"; };
		BE79924B2AFDF26100E78A4A /* SceneDelegate.swift */ = {isa = PBXFileReference; lastKnownFileType = sourcecode.swift; path = SceneDelegate.swift; sourceTree = "<group>"; };
		BE7992502AFDF26100E78A4A /* Base */ = {isa = PBXFileReference; lastKnownFileType = file.storyboard; name = Base; path = Base.lproj/Main.storyboard; sourceTree = "<group>"; };
		BE7992522AFDF26100E78A4A /* Assets.xcassets */ = {isa = PBXFileReference; lastKnownFileType = folder.assetcatalog; path = Assets.xcassets; sourceTree = "<group>"; };
		BE7992552AFDF26100E78A4A /* Base */ = {isa = PBXFileReference; lastKnownFileType = file.storyboard; name = Base; path = Base.lproj/LaunchScreen.storyboard; sourceTree = "<group>"; };
		BE7992572AFDF26100E78A4A /* Info.plist */ = {isa = PBXFileReference; lastKnownFileType = text.plist.xml; path = Info.plist; sourceTree = "<group>"; };
		BE79925C2AFDF26200E78A4A /* NRCOnboarding_moonTests.xctest */ = {isa = PBXFileReference; explicitFileType = wrapper.cfbundle; includeInIndex = 0; path = NRCOnboarding_moonTests.xctest; sourceTree = BUILT_PRODUCTS_DIR; };
		BE7992602AFDF26200E78A4A /* NRCOnboarding_moonTests.swift */ = {isa = PBXFileReference; lastKnownFileType = sourcecode.swift; path = NRCOnboarding_moonTests.swift; sourceTree = "<group>"; };
		BE7992662AFDF26200E78A4A /* NRCOnboarding_moonUITests.xctest */ = {isa = PBXFileReference; explicitFileType = wrapper.cfbundle; includeInIndex = 0; path = NRCOnboarding_moonUITests.xctest; sourceTree = BUILT_PRODUCTS_DIR; };
		BE79926A2AFDF26200E78A4A /* NRCOnboarding_moonUITests.swift */ = {isa = PBXFileReference; lastKnownFileType = sourcecode.swift; path = NRCOnboarding_moonUITests.swift; sourceTree = "<group>"; };
		BE79926C2AFDF26200E78A4A /* NRCOnboarding_moonUITestsLaunchTests.swift */ = {isa = PBXFileReference; lastKnownFileType = sourcecode.swift; path = NRCOnboarding_moonUITestsLaunchTests.swift; sourceTree = "<group>"; };
		BE7992792AFDF2AC00E78A4A /* OnboardingMessage.swift */ = {isa = PBXFileReference; lastKnownFileType = sourcecode.swift; path = OnboardingMessage.swift; sourceTree = "<group>"; };
		BE79927B2AFDF32A00E78A4A /* OnboardingViewController.swift */ = {isa = PBXFileReference; lastKnownFileType = sourcecode.swift; path = OnboardingViewController.swift; sourceTree = "<group>"; };
/* End PBXFileReference section */

/* Begin PBXFrameworksBuildPhase section */
		BE7992432AFDF26100E78A4A /* Frameworks */ = {
			isa = PBXFrameworksBuildPhase;
			buildActionMask = 2147483647;
			files = (
			);
			runOnlyForDeploymentPostprocessing = 0;
		};
		BE7992592AFDF26200E78A4A /* Frameworks */ = {
			isa = PBXFrameworksBuildPhase;
			buildActionMask = 2147483647;
			files = (
			);
			runOnlyForDeploymentPostprocessing = 0;
		};
		BE7992632AFDF26200E78A4A /* Frameworks */ = {
			isa = PBXFrameworksBuildPhase;
			buildActionMask = 2147483647;
			files = (
			);
			runOnlyForDeploymentPostprocessing = 0;
		};
/* End PBXFrameworksBuildPhase section */

/* Begin PBXGroup section */
		BE79923D2AFDF26100E78A4A = {
			isa = PBXGroup;
			children = (
				BE7992482AFDF26100E78A4A /* NRCOnboarding_moon */,
				BE79925F2AFDF26200E78A4A /* NRCOnboarding_moonTests */,
				BE7992692AFDF26200E78A4A /* NRCOnboarding_moonUITests */,
				BE7992472AFDF26100E78A4A /* Products */,
			);
			sourceTree = "<group>";
		};
		BE7992472AFDF26100E78A4A /* Products */ = {
			isa = PBXGroup;
			children = (
				BE7992462AFDF26100E78A4A /* NRCOnboarding_moon.app */,
				BE79925C2AFDF26200E78A4A /* NRCOnboarding_moonTests.xctest */,
				BE7992662AFDF26200E78A4A /* NRCOnboarding_moonUITests.xctest */,
			);
			name = Products;
			sourceTree = "<group>";
		};
		BE7992482AFDF26100E78A4A /* NRCOnboarding_moon */ = {
			isa = PBXGroup;
			children = (
				BE7992492AFDF26100E78A4A /* AppDelegate.swift */,
				BE79924B2AFDF26100E78A4A /* SceneDelegate.swift */,
				BE7992792AFDF2AC00E78A4A /* OnboardingMessage.swift */,
				BE79927B2AFDF32A00E78A4A /* OnboardingViewController.swift */,
				BE79924F2AFDF26100E78A4A /* Main.storyboard */,
				BE7992522AFDF26100E78A4A /* Assets.xcassets */,
				BE7992542AFDF26100E78A4A /* LaunchScreen.storyboard */,
				BE7992572AFDF26100E78A4A /* Info.plist */,
			);
			path = NRCOnboarding_moon;
			sourceTree = "<group>";
		};
		BE79925F2AFDF26200E78A4A /* NRCOnboarding_moonTests */ = {
			isa = PBXGroup;
			children = (
				BE7992602AFDF26200E78A4A /* NRCOnboarding_moonTests.swift */,
			);
			path = NRCOnboarding_moonTests;
			sourceTree = "<group>";
		};
		BE7992692AFDF26200E78A4A /* NRCOnboarding_moonUITests */ = {
			isa = PBXGroup;
			children = (
				BE79926A2AFDF26200E78A4A /* NRCOnboarding_moonUITests.swift */,
				BE79926C2AFDF26200E78A4A /* NRCOnboarding_moonUITestsLaunchTests.swift */,
			);
			path = NRCOnboarding_moonUITests;
			sourceTree = "<group>";
		};
/* End PBXGroup section */

/* Begin PBXNativeTarget section */
		BE7992452AFDF26100E78A4A /* NRCOnboarding_moon */ = {
			isa = PBXNativeTarget;
			buildConfigurationList = BE7992702AFDF26200E78A4A /* Build configuration list for PBXNativeTarget "NRCOnboarding_moon" */;
			buildPhases = (
				BE7992422AFDF26100E78A4A /* Sources */,
				BE7992432AFDF26100E78A4A /* Frameworks */,
				BE7992442AFDF26100E78A4A /* Resources */,
			);
			buildRules = (
			);
			dependencies = (
			);
			name = NRCOnboarding_moon;
			productName = NRCOnboarding_moon;
			productReference = BE7992462AFDF26100E78A4A /* NRCOnboarding_moon.app */;
			productType = "com.apple.product-type.application";
		};
		BE79925B2AFDF26200E78A4A /* NRCOnboarding_moonTests */ = {
			isa = PBXNativeTarget;
			buildConfigurationList = BE7992732AFDF26200E78A4A /* Build configuration list for PBXNativeTarget "NRCOnboarding_moonTests" */;
			buildPhases = (
				BE7992582AFDF26200E78A4A /* Sources */,
				BE7992592AFDF26200E78A4A /* Frameworks */,
				BE79925A2AFDF26200E78A4A /* Resources */,
			);
			buildRules = (
			);
			dependencies = (
				BE79925E2AFDF26200E78A4A /* PBXTargetDependency */,
			);
			name = NRCOnboarding_moonTests;
			productName = NRCOnboarding_moonTests;
			productReference = BE79925C2AFDF26200E78A4A /* NRCOnboarding_moonTests.xctest */;
			productType = "com.apple.product-type.bundle.unit-test";
		};
		BE7992652AFDF26200E78A4A /* NRCOnboarding_moonUITests */ = {
			isa = PBXNativeTarget;
			buildConfigurationList = BE7992762AFDF26200E78A4A /* Build configuration list for PBXNativeTarget "NRCOnboarding_moonUITests" */;
			buildPhases = (
				BE7992622AFDF26200E78A4A /* Sources */,
				BE7992632AFDF26200E78A4A /* Frameworks */,
				BE7992642AFDF26200E78A4A /* Resources */,
			);
			buildRules = (
			);
			dependencies = (
				BE7992682AFDF26200E78A4A /* PBXTargetDependency */,
			);
			name = NRCOnboarding_moonUITests;
			productName = NRCOnboarding_moonUITests;
			productReference = BE7992662AFDF26200E78A4A /* NRCOnboarding_moonUITests.xctest */;
			productType = "com.apple.product-type.bundle.ui-testing";
		};
/* End PBXNativeTarget section */

/* Begin PBXProject section */
		BE79923E2AFDF26100E78A4A /* Project object */ = {
			isa = PBXProject;
			attributes = {
				BuildIndependentTargetsInParallel = 1;
				LastSwiftUpdateCheck = 1430;
				LastUpgradeCheck = 1430;
				TargetAttributes = {
					BE7992452AFDF26100E78A4A = {
						CreatedOnToolsVersion = 14.3.1;
					};
					BE79925B2AFDF26200E78A4A = {
						CreatedOnToolsVersion = 14.3.1;
						TestTargetID = BE7992452AFDF26100E78A4A;
					};
					BE7992652AFDF26200E78A4A = {
						CreatedOnToolsVersion = 14.3.1;
						TestTargetID = BE7992452AFDF26100E78A4A;
					};
				};
			};
			buildConfigurationList = BE7992412AFDF26100E78A4A /* Build configuration list for PBXProject "NRCOnboarding_moon" */;
			compatibilityVersion = "Xcode 14.0";
			developmentRegion = en;
			hasScannedForEncodings = 0;
			knownRegions = (
				en,
				Base,
			);
			mainGroup = BE79923D2AFDF26100E78A4A;
			productRefGroup = BE7992472AFDF26100E78A4A /* Products */;
			projectDirPath = "";
			projectRoot = "";
			targets = (
				BE7992452AFDF26100E78A4A /* NRCOnboarding_moon */,
				BE79925B2AFDF26200E78A4A /* NRCOnboarding_moonTests */,
				BE7992652AFDF26200E78A4A /* NRCOnboarding_moonUITests */,
			);
		};
/* End PBXProject section */

/* Begin PBXResourcesBuildPhase section */
		BE7992442AFDF26100E78A4A /* Resources */ = {
			isa = PBXResourcesBuildPhase;
			buildActionMask = 2147483647;
			files = (
				BE7992562AFDF26100E78A4A /* LaunchScreen.storyboard in Resources */,
				BE7992532AFDF26100E78A4A /* Assets.xcassets in Resources */,
				BE7992512AFDF26100E78A4A /* Main.storyboard in Resources */,
			);
			runOnlyForDeploymentPostprocessing = 0;
		};
		BE79925A2AFDF26200E78A4A /* Resources */ = {
			isa = PBXResourcesBuildPhase;
			buildActionMask = 2147483647;
			files = (
			);
			runOnlyForDeploymentPostprocessing = 0;
		};
		BE7992642AFDF26200E78A4A /* Resources */ = {
			isa = PBXResourcesBuildPhase;
			buildActionMask = 2147483647;
			files = (
			);
			runOnlyForDeploymentPostprocessing = 0;
		};
/* End PBXResourcesBuildPhase section */

/* Begin PBXSourcesBuildPhase section */
		BE7992422AFDF26100E78A4A /* Sources */ = {
			isa = PBXSourcesBuildPhase;
			buildActionMask = 2147483647;
			files = (
				BE79924A2AFDF26100E78A4A /* AppDelegate.swift in Sources */,
				BE79927A2AFDF2AC00E78A4A /* OnboardingMessage.swift in Sources */,
				BE79924C2AFDF26100E78A4A /* SceneDelegate.swift in Sources */,
				BE79927C2AFDF32A00E78A4A /* OnboardingViewController.swift in Sources */,
			);
			runOnlyForDeploymentPostprocessing = 0;
		};
		BE7992582AFDF26200E78A4A /* Sources */ = {
			isa = PBXSourcesBuildPhase;
			buildActionMask = 2147483647;
			files = (
				BE7992612AFDF26200E78A4A /* NRCOnboarding_moonTests.swift in Sources */,
			);
			runOnlyForDeploymentPostprocessing = 0;
		};
		BE7992622AFDF26200E78A4A /* Sources */ = {
			isa = PBXSourcesBuildPhase;
			buildActionMask = 2147483647;
			files = (
				BE79926D2AFDF26200E78A4A /* NRCOnboarding_moonUITestsLaunchTests.swift in Sources */,
				BE79926B2AFDF26200E78A4A /* NRCOnboarding_moonUITests.swift in Sources */,
			);
			runOnlyForDeploymentPostprocessing = 0;
		};
/* End PBXSourcesBuildPhase section */

/* Begin PBXTargetDependency section */
		BE79925E2AFDF26200E78A4A /* PBXTargetDependency */ = {
			isa = PBXTargetDependency;
			target = BE7992452AFDF26100E78A4A /* NRCOnboarding_moon */;
			targetProxy = BE79925D2AFDF26200E78A4A /* PBXContainerItemProxy */;
		};
		BE7992682AFDF26200E78A4A /* PBXTargetDependency */ = {
			isa = PBXTargetDependency;
			target = BE7992452AFDF26100E78A4A /* NRCOnboarding_moon */;
			targetProxy = BE7992672AFDF26200E78A4A /* PBXContainerItemProxy */;
		};
/* End PBXTargetDependency section */

/* Begin PBXVariantGroup section */
		BE79924F2AFDF26100E78A4A /* Main.storyboard */ = {
			isa = PBXVariantGroup;
			children = (
				BE7992502AFDF26100E78A4A /* Base */,
			);
			name = Main.storyboard;
			sourceTree = "<group>";
		};
		BE7992542AFDF26100E78A4A /* LaunchScreen.storyboard */ = {
			isa = PBXVariantGroup;
			children = (
				BE7992552AFDF26100E78A4A /* Base */,
			);
			name = LaunchScreen.storyboard;
			sourceTree = "<group>";
		};
/* End PBXVariantGroup section */

/* Begin XCBuildConfiguration section */
		BE79926E2AFDF26200E78A4A /* Debug */ = {
			isa = XCBuildConfiguration;
			buildSettings = {
				ALWAYS_SEARCH_USER_PATHS = NO;
				CLANG_ANALYZER_NONNULL = YES;
				CLANG_ANALYZER_NUMBER_OBJECT_CONVERSION = YES_AGGRESSIVE;
				CLANG_CXX_LANGUAGE_STANDARD = "gnu++20";
				CLANG_ENABLE_MODULES = YES;
				CLANG_ENABLE_OBJC_ARC = YES;
				CLANG_ENABLE_OBJC_WEAK = YES;
				CLANG_WARN_BLOCK_CAPTURE_AUTORELEASING = YES;
				CLANG_WARN_BOOL_CONVERSION = YES;
				CLANG_WARN_COMMA = YES;
				CLANG_WARN_CONSTANT_CONVERSION = YES;
				CLANG_WARN_DEPRECATED_OBJC_IMPLEMENTATIONS = YES;
				CLANG_WARN_DIRECT_OBJC_ISA_USAGE = YES_ERROR;
				CLANG_WARN_DOCUMENTATION_COMMENTS = YES;
				CLANG_WARN_EMPTY_BODY = YES;
				CLANG_WARN_ENUM_CONVERSION = YES;
				CLANG_WARN_INFINITE_RECURSION = YES;
				CLANG_WARN_INT_CONVERSION = YES;
				CLANG_WARN_NON_LITERAL_NULL_CONVERSION = YES;
				CLANG_WARN_OBJC_IMPLICIT_RETAIN_SELF = YES;
				CLANG_WARN_OBJC_LITERAL_CONVERSION = YES;
				CLANG_WARN_OBJC_ROOT_CLASS = YES_ERROR;
				CLANG_WARN_QUOTED_INCLUDE_IN_FRAMEWORK_HEADER = YES;
				CLANG_WARN_RANGE_LOOP_ANALYSIS = YES;
				CLANG_WARN_STRICT_PROTOTYPES = YES;
				CLANG_WARN_SUSPICIOUS_MOVE = YES;
				CLANG_WARN_UNGUARDED_AVAILABILITY = YES_AGGRESSIVE;
				CLANG_WARN_UNREACHABLE_CODE = YES;
				CLANG_WARN__DUPLICATE_METHOD_MATCH = YES;
				COPY_PHASE_STRIP = NO;
				DEBUG_INFORMATION_FORMAT = dwarf;
				ENABLE_STRICT_OBJC_MSGSEND = YES;
				ENABLE_TESTABILITY = YES;
				GCC_C_LANGUAGE_STANDARD = gnu11;
				GCC_DYNAMIC_NO_PIC = NO;
				GCC_NO_COMMON_BLOCKS = YES;
				GCC_OPTIMIZATION_LEVEL = 0;
				GCC_PREPROCESSOR_DEFINITIONS = (
					"DEBUG=1",
					"$(inherited)",
				);
				GCC_WARN_64_TO_32_BIT_CONVERSION = YES;
				GCC_WARN_ABOUT_RETURN_TYPE = YES_ERROR;
				GCC_WARN_UNDECLARED_SELECTOR = YES;
				GCC_WARN_UNINITIALIZED_AUTOS = YES_AGGRESSIVE;
				GCC_WARN_UNUSED_FUNCTION = YES;
				GCC_WARN_UNUSED_VARIABLE = YES;
				IPHONEOS_DEPLOYMENT_TARGET = 16.4;
				MTL_ENABLE_DEBUG_INFO = INCLUDE_SOURCE;
				MTL_FAST_MATH = YES;
				ONLY_ACTIVE_ARCH = YES;
				SDKROOT = iphoneos;
				SWIFT_ACTIVE_COMPILATION_CONDITIONS = DEBUG;
				SWIFT_OPTIMIZATION_LEVEL = "-Onone";
			};
			name = Debug;
		};
		BE79926F2AFDF26200E78A4A /* Release */ = {
			isa = XCBuildConfiguration;
			buildSettings = {
				ALWAYS_SEARCH_USER_PATHS = NO;
				CLANG_ANALYZER_NONNULL = YES;
				CLANG_ANALYZER_NUMBER_OBJECT_CONVERSION = YES_AGGRESSIVE;
				CLANG_CXX_LANGUAGE_STANDARD = "gnu++20";
				CLANG_ENABLE_MODULES = YES;
				CLANG_ENABLE_OBJC_ARC = YES;
				CLANG_ENABLE_OBJC_WEAK = YES;
				CLANG_WARN_BLOCK_CAPTURE_AUTORELEASING = YES;
				CLANG_WARN_BOOL_CONVERSION = YES;
				CLANG_WARN_COMMA = YES;
				CLANG_WARN_CONSTANT_CONVERSION = YES;
				CLANG_WARN_DEPRECATED_OBJC_IMPLEMENTATIONS = YES;
				CLANG_WARN_DIRECT_OBJC_ISA_USAGE = YES_ERROR;
				CLANG_WARN_DOCUMENTATION_COMMENTS = YES;
				CLANG_WARN_EMPTY_BODY = YES;
				CLANG_WARN_ENUM_CONVERSION = YES;
				CLANG_WARN_INFINITE_RECURSION = YES;
				CLANG_WARN_INT_CONVERSION = YES;
				CLANG_WARN_NON_LITERAL_NULL_CONVERSION = YES;
				CLANG_WARN_OBJC_IMPLICIT_RETAIN_SELF = YES;
				CLANG_WARN_OBJC_LITERAL_CONVERSION = YES;
				CLANG_WARN_OBJC_ROOT_CLASS = YES_ERROR;
				CLANG_WARN_QUOTED_INCLUDE_IN_FRAMEWORK_HEADER = YES;
				CLANG_WARN_RANGE_LOOP_ANALYSIS = YES;
				CLANG_WARN_STRICT_PROTOTYPES = YES;
				CLANG_WARN_SUSPICIOUS_MOVE = YES;
				CLANG_WARN_UNGUARDED_AVAILABILITY = YES_AGGRESSIVE;
				CLANG_WARN_UNREACHABLE_CODE = YES;
				CLANG_WARN__DUPLICATE_METHOD_MATCH = YES;
				COPY_PHASE_STRIP = NO;
				DEBUG_INFORMATION_FORMAT = "dwarf-with-dsym";
				ENABLE_NS_ASSERTIONS = NO;
				ENABLE_STRICT_OBJC_MSGSEND = YES;
				GCC_C_LANGUAGE_STANDARD = gnu11;
				GCC_NO_COMMON_BLOCKS = YES;
				GCC_WARN_64_TO_32_BIT_CONVERSION = YES;
				GCC_WARN_ABOUT_RETURN_TYPE = YES_ERROR;
				GCC_WARN_UNDECLARED_SELECTOR = YES;
				GCC_WARN_UNINITIALIZED_AUTOS = YES_AGGRESSIVE;
				GCC_WARN_UNUSED_FUNCTION = YES;
				GCC_WARN_UNUSED_VARIABLE = YES;
				IPHONEOS_DEPLOYMENT_TARGET = 16.4;
				MTL_ENABLE_DEBUG_INFO = NO;
				MTL_FAST_MATH = YES;
				SDKROOT = iphoneos;
				SWIFT_COMPILATION_MODE = wholemodule;
				SWIFT_OPTIMIZATION_LEVEL = "-O";
				VALIDATE_PRODUCT = YES;
			};
			name = Release;
		};
		BE7992712AFDF26200E78A4A /* Debug */ = {
			isa = XCBuildConfiguration;
			buildSettings = {
				ASSETCATALOG_COMPILER_APPICON_NAME = AppIcon;
				ASSETCATALOG_COMPILER_GLOBAL_ACCENT_COLOR_NAME = AccentColor;
				CODE_SIGN_STYLE = Automatic;
				CURRENT_PROJECT_VERSION = 1;
				GENERATE_INFOPLIST_FILE = YES;
				INFOPLIST_FILE = NRCOnboarding_moon/Info.plist;
				INFOPLIST_KEY_UIApplicationSupportsIndirectInputEvents = YES;
				INFOPLIST_KEY_UILaunchStoryboardName = LaunchScreen;
				INFOPLIST_KEY_UIMainStoryboardFile = Main;
				INFOPLIST_KEY_UISupportedInterfaceOrientations_iPad = "UIInterfaceOrientationPortrait UIInterfaceOrientationPortraitUpsideDown UIInterfaceOrientationLandscapeLeft UIInterfaceOrientationLandscapeRight";
				INFOPLIST_KEY_UISupportedInterfaceOrientations_iPhone = "UIInterfaceOrientationPortrait UIInterfaceOrientationLandscapeLeft UIInterfaceOrientationLandscapeRight";
				LD_RUNPATH_SEARCH_PATHS = (
					"$(inherited)",
					"@executable_path/Frameworks",
				);
				MARKETING_VERSION = 1.0;
				PRODUCT_BUNDLE_IDENTIFIER = "moon.NRCOnboarding-moon";
				PRODUCT_NAME = "$(TARGET_NAME)";
				SWIFT_EMIT_LOC_STRINGS = YES;
				SWIFT_VERSION = 5.0;
				TARGETED_DEVICE_FAMILY = "1,2";
			};
			name = Debug;
		};
		BE7992722AFDF26200E78A4A /* Release */ = {
			isa = XCBuildConfiguration;
			buildSettings = {
				ASSETCATALOG_COMPILER_APPICON_NAME = AppIcon;
				ASSETCATALOG_COMPILER_GLOBAL_ACCENT_COLOR_NAME = AccentColor;
				CODE_SIGN_STYLE = Automatic;
				CURRENT_PROJECT_VERSION = 1;
				GENERATE_INFOPLIST_FILE = YES;
				INFOPLIST_FILE = NRCOnboarding_moon/Info.plist;
				INFOPLIST_KEY_UIApplicationSupportsIndirectInputEvents = YES;
				INFOPLIST_KEY_UILaunchStoryboardName = LaunchScreen;
				INFOPLIST_KEY_UIMainStoryboardFile = Main;
				INFOPLIST_KEY_UISupportedInterfaceOrientations_iPad = "UIInterfaceOrientationPortrait UIInterfaceOrientationPortraitUpsideDown UIInterfaceOrientationLandscapeLeft UIInterfaceOrientationLandscapeRight";
				INFOPLIST_KEY_UISupportedInterfaceOrientations_iPhone = "UIInterfaceOrientationPortrait UIInterfaceOrientationLandscapeLeft UIInterfaceOrientationLandscapeRight";
				LD_RUNPATH_SEARCH_PATHS = (
					"$(inherited)",
					"@executable_path/Frameworks",
				);
				MARKETING_VERSION = 1.0;
				PRODUCT_BUNDLE_IDENTIFIER = "moon.NRCOnboarding-moon";
				PRODUCT_NAME = "$(TARGET_NAME)";
				SWIFT_EMIT_LOC_STRINGS = YES;
				SWIFT_VERSION = 5.0;
				TARGETED_DEVICE_FAMILY = "1,2";
			};
			name = Release;
		};
		BE7992742AFDF26200E78A4A /* Debug */ = {
			isa = XCBuildConfiguration;
			buildSettings = {
				ALWAYS_EMBED_SWIFT_STANDARD_LIBRARIES = YES;
				BUNDLE_LOADER = "$(TEST_HOST)";
				CODE_SIGN_STYLE = Automatic;
				CURRENT_PROJECT_VERSION = 1;
				GENERATE_INFOPLIST_FILE = YES;
				IPHONEOS_DEPLOYMENT_TARGET = 16.4;
				MARKETING_VERSION = 1.0;
				PRODUCT_BUNDLE_IDENTIFIER = "moon.NRCOnboarding-moonTests";
				PRODUCT_NAME = "$(TARGET_NAME)";
				SWIFT_EMIT_LOC_STRINGS = NO;
				SWIFT_VERSION = 5.0;
				TARGETED_DEVICE_FAMILY = "1,2";
				TEST_HOST = "$(BUILT_PRODUCTS_DIR)/NRCOnboarding_moon.app/$(BUNDLE_EXECUTABLE_FOLDER_PATH)/NRCOnboarding_moon";
			};
			name = Debug;
		};
		BE7992752AFDF26200E78A4A /* Release */ = {
			isa = XCBuildConfiguration;
			buildSettings = {
				ALWAYS_EMBED_SWIFT_STANDARD_LIBRARIES = YES;
				BUNDLE_LOADER = "$(TEST_HOST)";
				CODE_SIGN_STYLE = Automatic;
				CURRENT_PROJECT_VERSION = 1;
				GENERATE_INFOPLIST_FILE = YES;
				IPHONEOS_DEPLOYMENT_TARGET = 16.4;
				MARKETING_VERSION = 1.0;
				PRODUCT_BUNDLE_IDENTIFIER = "moon.NRCOnboarding-moonTests";
				PRODUCT_NAME = "$(TARGET_NAME)";
				SWIFT_EMIT_LOC_STRINGS = NO;
				SWIFT_VERSION = 5.0;
				TARGETED_DEVICE_FAMILY = "1,2";
				TEST_HOST = "$(BUILT_PRODUCTS_DIR)/NRCOnboarding_moon.app/$(BUNDLE_EXECUTABLE_FOLDER_PATH)/NRCOnboarding_moon";
			};
			name = Release;
		};
		BE7992772AFDF26200E78A4A /* Debug */ = {
			isa = XCBuildConfiguration;
			buildSettings = {
				ALWAYS_EMBED_SWIFT_STANDARD_LIBRARIES = YES;
				CODE_SIGN_STYLE = Automatic;
				CURRENT_PROJECT_VERSION = 1;
				GENERATE_INFOPLIST_FILE = YES;
				MARKETING_VERSION = 1.0;
				PRODUCT_BUNDLE_IDENTIFIER = "moon.NRCOnboarding-moonUITests";
				PRODUCT_NAME = "$(TARGET_NAME)";
				SWIFT_EMIT_LOC_STRINGS = NO;
				SWIFT_VERSION = 5.0;
				TARGETED_DEVICE_FAMILY = "1,2";
				TEST_TARGET_NAME = NRCOnboarding_moon;
			};
			name = Debug;
		};
		BE7992782AFDF26200E78A4A /* Release */ = {
			isa = XCBuildConfiguration;
			buildSettings = {
				ALWAYS_EMBED_SWIFT_STANDARD_LIBRARIES = YES;
				CODE_SIGN_STYLE = Automatic;
				CURRENT_PROJECT_VERSION = 1;
				GENERATE_INFOPLIST_FILE = YES;
				MARKETING_VERSION = 1.0;
				PRODUCT_BUNDLE_IDENTIFIER = "moon.NRCOnboarding-moonUITests";
				PRODUCT_NAME = "$(TARGET_NAME)";
				SWIFT_EMIT_LOC_STRINGS = NO;
				SWIFT_VERSION = 5.0;
				TARGETED_DEVICE_FAMILY = "1,2";
				TEST_TARGET_NAME = NRCOnboarding_moon;
			};
			name = Release;
		};
/* End XCBuildConfiguration section */

/* Begin XCConfigurationList section */
		BE7992412AFDF26100E78A4A /* Build configuration list for PBXProject "NRCOnboarding_moon" */ = {
			isa = XCConfigurationList;
			buildConfigurations = (
				BE79926E2AFDF26200E78A4A /* Debug */,
				BE79926F2AFDF26200E78A4A /* Release */,
			);
			defaultConfigurationIsVisible = 0;
			defaultConfigurationName = Release;
		};
		BE7992702AFDF26200E78A4A /* Build configuration list for PBXNativeTarget "NRCOnboarding_moon" */ = {
			isa = XCConfigurationList;
			buildConfigurations = (
				BE7992712AFDF26200E78A4A /* Debug */,
				BE7992722AFDF26200E78A4A /* Release */,
			);
			defaultConfigurationIsVisible = 0;
			defaultConfigurationName = Release;
		};
		BE7992732AFDF26200E78A4A /* Build configuration list for PBXNativeTarget "NRCOnboarding_moonTests" */ = {
			isa = XCConfigurationList;
			buildConfigurations = (
				BE7992742AFDF26200E78A4A /* Debug */,
				BE7992752AFDF26200E78A4A /* Release */,
			);
			defaultConfigurationIsVisible = 0;
			defaultConfigurationName = Release;
		};
		BE7992762AFDF26200E78A4A /* Build configuration list for PBXNativeTarget "NRCOnboarding_moonUITests" */ = {
			isa = XCConfigurationList;
			buildConfigurations = (
				BE7992772AFDF26200E78A4A /* Debug */,
				BE7992782AFDF26200E78A4A /* Release */,
			);
			defaultConfigurationIsVisible = 0;
			defaultConfigurationName = Release;
		};
/* End XCConfigurationList section */
	};
	rootObject = BE79923E2AFDF26100E78A4A /* Project object */;
}
