// !$*UTF8*$!
{
	archiveVersion = 1;
	classes = {
	};
	objectVersion = 56;
	objects = {

/* Begin PBXBuildFile section */
		BE538BFF2AEEAD4A00A50757 /* AppDelegate.swift in Sources */ = {isa = PBXBuildFile; fileRef = BE538BFE2AEEAD4A00A50757 /* AppDelegate.swift */; };
		BE538C012AEEAD4A00A50757 /* SceneDelegate.swift in Sources */ = {isa = PBXBuildFile; fileRef = BE538C002AEEAD4A00A50757 /* SceneDelegate.swift */; };
		BE538C062AEEAD4A00A50757 /* Main.storyboard in Resources */ = {isa = PBXBuildFile; fileRef = BE538C042AEEAD4A00A50757 /* Main.storyboard */; };
		BE538C082AEEAD4B00A50757 /* Assets.xcassets in Resources */ = {isa = PBXBuildFile; fileRef = BE538C072AEEAD4B00A50757 /* Assets.xcassets */; };
		BE538C0B2AEEAD4B00A50757 /* LaunchScreen.storyboard in Resources */ = {isa = PBXBuildFile; fileRef = BE538C092AEEAD4B00A50757 /* LaunchScreen.storyboard */; };
		BE538C162AEEAD4B00A50757 /* ChatList_MoonTests.swift in Sources */ = {isa = PBXBuildFile; fileRef = BE538C152AEEAD4B00A50757 /* ChatList_MoonTests.swift */; };
		BE538C202AEEAD4B00A50757 /* ChatList_MoonUITests.swift in Sources */ = {isa = PBXBuildFile; fileRef = BE538C1F2AEEAD4B00A50757 /* ChatList_MoonUITests.swift */; };
		BE538C222AEEAD4B00A50757 /* ChatList_MoonUITestsLaunchTests.swift in Sources */ = {isa = PBXBuildFile; fileRef = BE538C212AEEAD4B00A50757 /* ChatList_MoonUITestsLaunchTests.swift */; };
		BE538C2F2AEEAD7900A50757 /* Chat.swift in Sources */ = {isa = PBXBuildFile; fileRef = BE538C2E2AEEAD7900A50757 /* Chat.swift */; };
		BE538C312AEEAF3500A50757 /* ChatListViewController.swift in Sources */ = {isa = PBXBuildFile; fileRef = BE538C302AEEAF3500A50757 /* ChatListViewController.swift */; };
		BE538C332AEEB30700A50757 /* ChetListCollectionViewCell.swift in Sources */ = {isa = PBXBuildFile; fileRef = BE538C322AEEB30700A50757 /* ChetListCollectionViewCell.swift */; };
/* End PBXBuildFile section */

/* Begin PBXContainerItemProxy section */
		BE538C122AEEAD4B00A50757 /* PBXContainerItemProxy */ = {
			isa = PBXContainerItemProxy;
			containerPortal = BE538BF32AEEAD4A00A50757 /* Project object */;
			proxyType = 1;
			remoteGlobalIDString = BE538BFA2AEEAD4A00A50757;
			remoteInfo = ChatList_Moon;
		};
		BE538C1C2AEEAD4B00A50757 /* PBXContainerItemProxy */ = {
			isa = PBXContainerItemProxy;
			containerPortal = BE538BF32AEEAD4A00A50757 /* Project object */;
			proxyType = 1;
			remoteGlobalIDString = BE538BFA2AEEAD4A00A50757;
			remoteInfo = ChatList_Moon;
		};
/* End PBXContainerItemProxy section */

/* Begin PBXFileReference section */
		BE538BFB2AEEAD4A00A50757 /* ChatList_Moon.app */ = {isa = PBXFileReference; explicitFileType = wrapper.application; includeInIndex = 0; path = ChatList_Moon.app; sourceTree = BUILT_PRODUCTS_DIR; };
		BE538BFE2AEEAD4A00A50757 /* AppDelegate.swift */ = {isa = PBXFileReference; lastKnownFileType = sourcecode.swift; path = AppDelegate.swift; sourceTree = "<group>"; };
		BE538C002AEEAD4A00A50757 /* SceneDelegate.swift */ = {isa = PBXFileReference; lastKnownFileType = sourcecode.swift; path = SceneDelegate.swift; sourceTree = "<group>"; };
		BE538C052AEEAD4A00A50757 /* Base */ = {isa = PBXFileReference; lastKnownFileType = file.storyboard; name = Base; path = Base.lproj/Main.storyboard; sourceTree = "<group>"; };
		BE538C072AEEAD4B00A50757 /* Assets.xcassets */ = {isa = PBXFileReference; lastKnownFileType = folder.assetcatalog; path = Assets.xcassets; sourceTree = "<group>"; };
		BE538C0A2AEEAD4B00A50757 /* Base */ = {isa = PBXFileReference; lastKnownFileType = file.storyboard; name = Base; path = Base.lproj/LaunchScreen.storyboard; sourceTree = "<group>"; };
		BE538C0C2AEEAD4B00A50757 /* Info.plist */ = {isa = PBXFileReference; lastKnownFileType = text.plist.xml; path = Info.plist; sourceTree = "<group>"; };
		BE538C112AEEAD4B00A50757 /* ChatList_MoonTests.xctest */ = {isa = PBXFileReference; explicitFileType = wrapper.cfbundle; includeInIndex = 0; path = ChatList_MoonTests.xctest; sourceTree = BUILT_PRODUCTS_DIR; };
		BE538C152AEEAD4B00A50757 /* ChatList_MoonTests.swift */ = {isa = PBXFileReference; lastKnownFileType = sourcecode.swift; path = ChatList_MoonTests.swift; sourceTree = "<group>"; };
		BE538C1B2AEEAD4B00A50757 /* ChatList_MoonUITests.xctest */ = {isa = PBXFileReference; explicitFileType = wrapper.cfbundle; includeInIndex = 0; path = ChatList_MoonUITests.xctest; sourceTree = BUILT_PRODUCTS_DIR; };
		BE538C1F2AEEAD4B00A50757 /* ChatList_MoonUITests.swift */ = {isa = PBXFileReference; lastKnownFileType = sourcecode.swift; path = ChatList_MoonUITests.swift; sourceTree = "<group>"; };
		BE538C212AEEAD4B00A50757 /* ChatList_MoonUITestsLaunchTests.swift */ = {isa = PBXFileReference; lastKnownFileType = sourcecode.swift; path = ChatList_MoonUITestsLaunchTests.swift; sourceTree = "<group>"; };
		BE538C2E2AEEAD7900A50757 /* Chat.swift */ = {isa = PBXFileReference; lastKnownFileType = sourcecode.swift; path = Chat.swift; sourceTree = "<group>"; };
		BE538C302AEEAF3500A50757 /* ChatListViewController.swift */ = {isa = PBXFileReference; lastKnownFileType = sourcecode.swift; path = ChatListViewController.swift; sourceTree = "<group>"; };
		BE538C322AEEB30700A50757 /* ChetListCollectionViewCell.swift */ = {isa = PBXFileReference; lastKnownFileType = sourcecode.swift; path = ChetListCollectionViewCell.swift; sourceTree = "<group>"; };
/* End PBXFileReference section */

/* Begin PBXFrameworksBuildPhase section */
		BE538BF82AEEAD4A00A50757 /* Frameworks */ = {
			isa = PBXFrameworksBuildPhase;
			buildActionMask = 2147483647;
			files = (
			);
			runOnlyForDeploymentPostprocessing = 0;
		};
		BE538C0E2AEEAD4B00A50757 /* Frameworks */ = {
			isa = PBXFrameworksBuildPhase;
			buildActionMask = 2147483647;
			files = (
			);
			runOnlyForDeploymentPostprocessing = 0;
		};
		BE538C182AEEAD4B00A50757 /* Frameworks */ = {
			isa = PBXFrameworksBuildPhase;
			buildActionMask = 2147483647;
			files = (
			);
			runOnlyForDeploymentPostprocessing = 0;
		};
/* End PBXFrameworksBuildPhase section */

/* Begin PBXGroup section */
		BE538BF22AEEAD4A00A50757 = {
			isa = PBXGroup;
			children = (
				BE538BFD2AEEAD4A00A50757 /* ChatList_Moon */,
				BE538C142AEEAD4B00A50757 /* ChatList_MoonTests */,
				BE538C1E2AEEAD4B00A50757 /* ChatList_MoonUITests */,
				BE538BFC2AEEAD4A00A50757 /* Products */,
			);
			sourceTree = "<group>";
		};
		BE538BFC2AEEAD4A00A50757 /* Products */ = {
			isa = PBXGroup;
			children = (
				BE538BFB2AEEAD4A00A50757 /* ChatList_Moon.app */,
				BE538C112AEEAD4B00A50757 /* ChatList_MoonTests.xctest */,
				BE538C1B2AEEAD4B00A50757 /* ChatList_MoonUITests.xctest */,
			);
			name = Products;
			sourceTree = "<group>";
		};
		BE538BFD2AEEAD4A00A50757 /* ChatList_Moon */ = {
			isa = PBXGroup;
			children = (
				BE538BFE2AEEAD4A00A50757 /* AppDelegate.swift */,
				BE538C002AEEAD4A00A50757 /* SceneDelegate.swift */,
				BE538C2E2AEEAD7900A50757 /* Chat.swift */,
				BE538C302AEEAF3500A50757 /* ChatListViewController.swift */,
				BE538C322AEEB30700A50757 /* ChetListCollectionViewCell.swift */,
				BE538C042AEEAD4A00A50757 /* Main.storyboard */,
				BE538C072AEEAD4B00A50757 /* Assets.xcassets */,
				BE538C092AEEAD4B00A50757 /* LaunchScreen.storyboard */,
				BE538C0C2AEEAD4B00A50757 /* Info.plist */,
			);
			path = ChatList_Moon;
			sourceTree = "<group>";
		};
		BE538C142AEEAD4B00A50757 /* ChatList_MoonTests */ = {
			isa = PBXGroup;
			children = (
				BE538C152AEEAD4B00A50757 /* ChatList_MoonTests.swift */,
			);
			path = ChatList_MoonTests;
			sourceTree = "<group>";
		};
		BE538C1E2AEEAD4B00A50757 /* ChatList_MoonUITests */ = {
			isa = PBXGroup;
			children = (
				BE538C1F2AEEAD4B00A50757 /* ChatList_MoonUITests.swift */,
				BE538C212AEEAD4B00A50757 /* ChatList_MoonUITestsLaunchTests.swift */,
			);
			path = ChatList_MoonUITests;
			sourceTree = "<group>";
		};
/* End PBXGroup section */

/* Begin PBXNativeTarget section */
		BE538BFA2AEEAD4A00A50757 /* ChatList_Moon */ = {
			isa = PBXNativeTarget;
			buildConfigurationList = BE538C252AEEAD4B00A50757 /* Build configuration list for PBXNativeTarget "ChatList_Moon" */;
			buildPhases = (
				BE538BF72AEEAD4A00A50757 /* Sources */,
				BE538BF82AEEAD4A00A50757 /* Frameworks */,
				BE538BF92AEEAD4A00A50757 /* Resources */,
			);
			buildRules = (
			);
			dependencies = (
			);
			name = ChatList_Moon;
			productName = ChatList_Moon;
			productReference = BE538BFB2AEEAD4A00A50757 /* ChatList_Moon.app */;
			productType = "com.apple.product-type.application";
		};
		BE538C102AEEAD4B00A50757 /* ChatList_MoonTests */ = {
			isa = PBXNativeTarget;
			buildConfigurationList = BE538C282AEEAD4B00A50757 /* Build configuration list for PBXNativeTarget "ChatList_MoonTests" */;
			buildPhases = (
				BE538C0D2AEEAD4B00A50757 /* Sources */,
				BE538C0E2AEEAD4B00A50757 /* Frameworks */,
				BE538C0F2AEEAD4B00A50757 /* Resources */,
			);
			buildRules = (
			);
			dependencies = (
				BE538C132AEEAD4B00A50757 /* PBXTargetDependency */,
			);
			name = ChatList_MoonTests;
			productName = ChatList_MoonTests;
			productReference = BE538C112AEEAD4B00A50757 /* ChatList_MoonTests.xctest */;
			productType = "com.apple.product-type.bundle.unit-test";
		};
		BE538C1A2AEEAD4B00A50757 /* ChatList_MoonUITests */ = {
			isa = PBXNativeTarget;
			buildConfigurationList = BE538C2B2AEEAD4B00A50757 /* Build configuration list for PBXNativeTarget "ChatList_MoonUITests" */;
			buildPhases = (
				BE538C172AEEAD4B00A50757 /* Sources */,
				BE538C182AEEAD4B00A50757 /* Frameworks */,
				BE538C192AEEAD4B00A50757 /* Resources */,
			);
			buildRules = (
			);
			dependencies = (
				BE538C1D2AEEAD4B00A50757 /* PBXTargetDependency */,
			);
			name = ChatList_MoonUITests;
			productName = ChatList_MoonUITests;
			productReference = BE538C1B2AEEAD4B00A50757 /* ChatList_MoonUITests.xctest */;
			productType = "com.apple.product-type.bundle.ui-testing";
		};
/* End PBXNativeTarget section */

/* Begin PBXProject section */
		BE538BF32AEEAD4A00A50757 /* Project object */ = {
			isa = PBXProject;
			attributes = {
				BuildIndependentTargetsInParallel = 1;
				LastSwiftUpdateCheck = 1430;
				LastUpgradeCheck = 1430;
				TargetAttributes = {
					BE538BFA2AEEAD4A00A50757 = {
						CreatedOnToolsVersion = 14.3.1;
					};
					BE538C102AEEAD4B00A50757 = {
						CreatedOnToolsVersion = 14.3.1;
						TestTargetID = BE538BFA2AEEAD4A00A50757;
					};
					BE538C1A2AEEAD4B00A50757 = {
						CreatedOnToolsVersion = 14.3.1;
						TestTargetID = BE538BFA2AEEAD4A00A50757;
					};
				};
			};
			buildConfigurationList = BE538BF62AEEAD4A00A50757 /* Build configuration list for PBXProject "ChatList_Moon" */;
			compatibilityVersion = "Xcode 14.0";
			developmentRegion = en;
			hasScannedForEncodings = 0;
			knownRegions = (
				en,
				Base,
			);
			mainGroup = BE538BF22AEEAD4A00A50757;
			productRefGroup = BE538BFC2AEEAD4A00A50757 /* Products */;
			projectDirPath = "";
			projectRoot = "";
			targets = (
				BE538BFA2AEEAD4A00A50757 /* ChatList_Moon */,
				BE538C102AEEAD4B00A50757 /* ChatList_MoonTests */,
				BE538C1A2AEEAD4B00A50757 /* ChatList_MoonUITests */,
			);
		};
/* End PBXProject section */

/* Begin PBXResourcesBuildPhase section */
		BE538BF92AEEAD4A00A50757 /* Resources */ = {
			isa = PBXResourcesBuildPhase;
			buildActionMask = 2147483647;
			files = (
				BE538C0B2AEEAD4B00A50757 /* LaunchScreen.storyboard in Resources */,
				BE538C082AEEAD4B00A50757 /* Assets.xcassets in Resources */,
				BE538C062AEEAD4A00A50757 /* Main.storyboard in Resources */,
			);
			runOnlyForDeploymentPostprocessing = 0;
		};
		BE538C0F2AEEAD4B00A50757 /* Resources */ = {
			isa = PBXResourcesBuildPhase;
			buildActionMask = 2147483647;
			files = (
			);
			runOnlyForDeploymentPostprocessing = 0;
		};
		BE538C192AEEAD4B00A50757 /* Resources */ = {
			isa = PBXResourcesBuildPhase;
			buildActionMask = 2147483647;
			files = (
			);
			runOnlyForDeploymentPostprocessing = 0;
		};
/* End PBXResourcesBuildPhase section */

/* Begin PBXSourcesBuildPhase section */
		BE538BF72AEEAD4A00A50757 /* Sources */ = {
			isa = PBXSourcesBuildPhase;
			buildActionMask = 2147483647;
			files = (
				BE538BFF2AEEAD4A00A50757 /* AppDelegate.swift in Sources */,
				BE538C2F2AEEAD7900A50757 /* Chat.swift in Sources */,
				BE538C312AEEAF3500A50757 /* ChatListViewController.swift in Sources */,
				BE538C332AEEB30700A50757 /* ChetListCollectionViewCell.swift in Sources */,
				BE538C012AEEAD4A00A50757 /* SceneDelegate.swift in Sources */,
			);
			runOnlyForDeploymentPostprocessing = 0;
		};
		BE538C0D2AEEAD4B00A50757 /* Sources */ = {
			isa = PBXSourcesBuildPhase;
			buildActionMask = 2147483647;
			files = (
				BE538C162AEEAD4B00A50757 /* ChatList_MoonTests.swift in Sources */,
			);
			runOnlyForDeploymentPostprocessing = 0;
		};
		BE538C172AEEAD4B00A50757 /* Sources */ = {
			isa = PBXSourcesBuildPhase;
			buildActionMask = 2147483647;
			files = (
				BE538C202AEEAD4B00A50757 /* ChatList_MoonUITests.swift in Sources */,
				BE538C222AEEAD4B00A50757 /* ChatList_MoonUITestsLaunchTests.swift in Sources */,
			);
			runOnlyForDeploymentPostprocessing = 0;
		};
/* End PBXSourcesBuildPhase section */

/* Begin PBXTargetDependency section */
		BE538C132AEEAD4B00A50757 /* PBXTargetDependency */ = {
			isa = PBXTargetDependency;
			target = BE538BFA2AEEAD4A00A50757 /* ChatList_Moon */;
			targetProxy = BE538C122AEEAD4B00A50757 /* PBXContainerItemProxy */;
		};
		BE538C1D2AEEAD4B00A50757 /* PBXTargetDependency */ = {
			isa = PBXTargetDependency;
			target = BE538BFA2AEEAD4A00A50757 /* ChatList_Moon */;
			targetProxy = BE538C1C2AEEAD4B00A50757 /* PBXContainerItemProxy */;
		};
/* End PBXTargetDependency section */

/* Begin PBXVariantGroup section */
		BE538C042AEEAD4A00A50757 /* Main.storyboard */ = {
			isa = PBXVariantGroup;
			children = (
				BE538C052AEEAD4A00A50757 /* Base */,
			);
			name = Main.storyboard;
			sourceTree = "<group>";
		};
		BE538C092AEEAD4B00A50757 /* LaunchScreen.storyboard */ = {
			isa = PBXVariantGroup;
			children = (
				BE538C0A2AEEAD4B00A50757 /* Base */,
			);
			name = LaunchScreen.storyboard;
			sourceTree = "<group>";
		};
/* End PBXVariantGroup section */

/* Begin XCBuildConfiguration section */
		BE538C232AEEAD4B00A50757 /* Debug */ = {
			isa = XCBuildConfiguration;
			buildSettings = {
				ALWAYS_SEARCH_USER_PATHS = NO;
				CLANG_ANALYZER_NONNULL = YES;
				CLANG_ANALYZER_NUMBER_OBJECT_CONVERSION = YES_AGGRESSIVE;
				CLANG_CXX_LANGUAGE_STANDARD = "gnu++20";
				CLANG_ENABLE_MODULES = YES;
				CLANG_ENABLE_OBJC_ARC = YES;
				CLANG_ENABLE_OBJC_WEAK = YES;
				CLANG_WARN_BLOCK_CAPTURE_AUTORELEASING = YES;
				CLANG_WARN_BOOL_CONVERSION = YES;
				CLANG_WARN_COMMA = YES;
				CLANG_WARN_CONSTANT_CONVERSION = YES;
				CLANG_WARN_DEPRECATED_OBJC_IMPLEMENTATIONS = YES;
				CLANG_WARN_DIRECT_OBJC_ISA_USAGE = YES_ERROR;
				CLANG_WARN_DOCUMENTATION_COMMENTS = YES;
				CLANG_WARN_EMPTY_BODY = YES;
				CLANG_WARN_ENUM_CONVERSION = YES;
				CLANG_WARN_INFINITE_RECURSION = YES;
				CLANG_WARN_INT_CONVERSION = YES;
				CLANG_WARN_NON_LITERAL_NULL_CONVERSION = YES;
				CLANG_WARN_OBJC_IMPLICIT_RETAIN_SELF = YES;
				CLANG_WARN_OBJC_LITERAL_CONVERSION = YES;
				CLANG_WARN_OBJC_ROOT_CLASS = YES_ERROR;
				CLANG_WARN_QUOTED_INCLUDE_IN_FRAMEWORK_HEADER = YES;
				CLANG_WARN_RANGE_LOOP_ANALYSIS = YES;
				CLANG_WARN_STRICT_PROTOTYPES = YES;
				CLANG_WARN_SUSPICIOUS_MOVE = YES;
				CLANG_WARN_UNGUARDED_AVAILABILITY = YES_AGGRESSIVE;
				CLANG_WARN_UNREACHABLE_CODE = YES;
				CLANG_WARN__DUPLICATE_METHOD_MATCH = YES;
				COPY_PHASE_STRIP = NO;
				DEBUG_INFORMATION_FORMAT = dwarf;
				ENABLE_STRICT_OBJC_MSGSEND = YES;
				ENABLE_TESTABILITY = YES;
				GCC_C_LANGUAGE_STANDARD = gnu11;
				GCC_DYNAMIC_NO_PIC = NO;
				GCC_NO_COMMON_BLOCKS = YES;
				GCC_OPTIMIZATION_LEVEL = 0;
				GCC_PREPROCESSOR_DEFINITIONS = (
					"DEBUG=1",
					"$(inherited)",
				);
				GCC_WARN_64_TO_32_BIT_CONVERSION = YES;
				GCC_WARN_ABOUT_RETURN_TYPE = YES_ERROR;
				GCC_WARN_UNDECLARED_SELECTOR = YES;
				GCC_WARN_UNINITIALIZED_AUTOS = YES_AGGRESSIVE;
				GCC_WARN_UNUSED_FUNCTION = YES;
				GCC_WARN_UNUSED_VARIABLE = YES;
				IPHONEOS_DEPLOYMENT_TARGET = 16.4;
				MTL_ENABLE_DEBUG_INFO = INCLUDE_SOURCE;
				MTL_FAST_MATH = YES;
				ONLY_ACTIVE_ARCH = YES;
				SDKROOT = iphoneos;
				SWIFT_ACTIVE_COMPILATION_CONDITIONS = DEBUG;
				SWIFT_OPTIMIZATION_LEVEL = "-Onone";
			};
			name = Debug;
		};
		BE538C242AEEAD4B00A50757 /* Release */ = {
			isa = XCBuildConfiguration;
			buildSettings = {
				ALWAYS_SEARCH_USER_PATHS = NO;
				CLANG_ANALYZER_NONNULL = YES;
				CLANG_ANALYZER_NUMBER_OBJECT_CONVERSION = YES_AGGRESSIVE;
				CLANG_CXX_LANGUAGE_STANDARD = "gnu++20";
				CLANG_ENABLE_MODULES = YES;
				CLANG_ENABLE_OBJC_ARC = YES;
				CLANG_ENABLE_OBJC_WEAK = YES;
				CLANG_WARN_BLOCK_CAPTURE_AUTORELEASING = YES;
				CLANG_WARN_BOOL_CONVERSION = YES;
				CLANG_WARN_COMMA = YES;
				CLANG_WARN_CONSTANT_CONVERSION = YES;
				CLANG_WARN_DEPRECATED_OBJC_IMPLEMENTATIONS = YES;
				CLANG_WARN_DIRECT_OBJC_ISA_USAGE = YES_ERROR;
				CLANG_WARN_DOCUMENTATION_COMMENTS = YES;
				CLANG_WARN_EMPTY_BODY = YES;
				CLANG_WARN_ENUM_CONVERSION = YES;
				CLANG_WARN_INFINITE_RECURSION = YES;
				CLANG_WARN_INT_CONVERSION = YES;
				CLANG_WARN_NON_LITERAL_NULL_CONVERSION = YES;
				CLANG_WARN_OBJC_IMPLICIT_RETAIN_SELF = YES;
				CLANG_WARN_OBJC_LITERAL_CONVERSION = YES;
				CLANG_WARN_OBJC_ROOT_CLASS = YES_ERROR;
				CLANG_WARN_QUOTED_INCLUDE_IN_FRAMEWORK_HEADER = YES;
				CLANG_WARN_RANGE_LOOP_ANALYSIS = YES;
				CLANG_WARN_STRICT_PROTOTYPES = YES;
				CLANG_WARN_SUSPICIOUS_MOVE = YES;
				CLANG_WARN_UNGUARDED_AVAILABILITY = YES_AGGRESSIVE;
				CLANG_WARN_UNREACHABLE_CODE = YES;
				CLANG_WARN__DUPLICATE_METHOD_MATCH = YES;
				COPY_PHASE_STRIP = NO;
				DEBUG_INFORMATION_FORMAT = "dwarf-with-dsym";
				ENABLE_NS_ASSERTIONS = NO;
				ENABLE_STRICT_OBJC_MSGSEND = YES;
				GCC_C_LANGUAGE_STANDARD = gnu11;
				GCC_NO_COMMON_BLOCKS = YES;
				GCC_WARN_64_TO_32_BIT_CONVERSION = YES;
				GCC_WARN_ABOUT_RETURN_TYPE = YES_ERROR;
				GCC_WARN_UNDECLARED_SELECTOR = YES;
				GCC_WARN_UNINITIALIZED_AUTOS = YES_AGGRESSIVE;
				GCC_WARN_UNUSED_FUNCTION = YES;
				GCC_WARN_UNUSED_VARIABLE = YES;
				IPHONEOS_DEPLOYMENT_TARGET = 16.4;
				MTL_ENABLE_DEBUG_INFO = NO;
				MTL_FAST_MATH = YES;
				SDKROOT = iphoneos;
				SWIFT_COMPILATION_MODE = wholemodule;
				SWIFT_OPTIMIZATION_LEVEL = "-O";
				VALIDATE_PRODUCT = YES;
			};
			name = Release;
		};
		BE538C262AEEAD4B00A50757 /* Debug */ = {
			isa = XCBuildConfiguration;
			buildSettings = {
				ASSETCATALOG_COMPILER_APPICON_NAME = AppIcon;
				ASSETCATALOG_COMPILER_GLOBAL_ACCENT_COLOR_NAME = AccentColor;
				CODE_SIGN_STYLE = Automatic;
				CURRENT_PROJECT_VERSION = 1;
				GENERATE_INFOPLIST_FILE = YES;
				INFOPLIST_FILE = ChatList_Moon/Info.plist;
				INFOPLIST_KEY_UIApplicationSupportsIndirectInputEvents = YES;
				INFOPLIST_KEY_UILaunchStoryboardName = LaunchScreen;
				INFOPLIST_KEY_UIMainStoryboardFile = Main;
				INFOPLIST_KEY_UISupportedInterfaceOrientations_iPad = "UIInterfaceOrientationPortrait UIInterfaceOrientationPortraitUpsideDown UIInterfaceOrientationLandscapeLeft UIInterfaceOrientationLandscapeRight";
				INFOPLIST_KEY_UISupportedInterfaceOrientations_iPhone = "UIInterfaceOrientationPortrait UIInterfaceOrientationLandscapeLeft UIInterfaceOrientationLandscapeRight";
				LD_RUNPATH_SEARCH_PATHS = (
					"$(inherited)",
					"@executable_path/Frameworks",
				);
				MARKETING_VERSION = 1.0;
				PRODUCT_BUNDLE_IDENTIFIER = "moon.ChatList-Moon";
				PRODUCT_NAME = "$(TARGET_NAME)";
				SWIFT_EMIT_LOC_STRINGS = YES;
				SWIFT_VERSION = 5.0;
				TARGETED_DEVICE_FAMILY = "1,2";
			};
			name = Debug;
		};
		BE538C272AEEAD4B00A50757 /* Release */ = {
			isa = XCBuildConfiguration;
			buildSettings = {
				ASSETCATALOG_COMPILER_APPICON_NAME = AppIcon;
				ASSETCATALOG_COMPILER_GLOBAL_ACCENT_COLOR_NAME = AccentColor;
				CODE_SIGN_STYLE = Automatic;
				CURRENT_PROJECT_VERSION = 1;
				GENERATE_INFOPLIST_FILE = YES;
				INFOPLIST_FILE = ChatList_Moon/Info.plist;
				INFOPLIST_KEY_UIApplicationSupportsIndirectInputEvents = YES;
				INFOPLIST_KEY_UILaunchStoryboardName = LaunchScreen;
				INFOPLIST_KEY_UIMainStoryboardFile = Main;
				INFOPLIST_KEY_UISupportedInterfaceOrientations_iPad = "UIInterfaceOrientationPortrait UIInterfaceOrientationPortraitUpsideDown UIInterfaceOrientationLandscapeLeft UIInterfaceOrientationLandscapeRight";
				INFOPLIST_KEY_UISupportedInterfaceOrientations_iPhone = "UIInterfaceOrientationPortrait UIInterfaceOrientationLandscapeLeft UIInterfaceOrientationLandscapeRight";
				LD_RUNPATH_SEARCH_PATHS = (
					"$(inherited)",
					"@executable_path/Frameworks",
				);
				MARKETING_VERSION = 1.0;
				PRODUCT_BUNDLE_IDENTIFIER = "moon.ChatList-Moon";
				PRODUCT_NAME = "$(TARGET_NAME)";
				SWIFT_EMIT_LOC_STRINGS = YES;
				SWIFT_VERSION = 5.0;
				TARGETED_DEVICE_FAMILY = "1,2";
			};
			name = Release;
		};
		BE538C292AEEAD4B00A50757 /* Debug */ = {
			isa = XCBuildConfiguration;
			buildSettings = {
				ALWAYS_EMBED_SWIFT_STANDARD_LIBRARIES = YES;
				BUNDLE_LOADER = "$(TEST_HOST)";
				CODE_SIGN_STYLE = Automatic;
				CURRENT_PROJECT_VERSION = 1;
				GENERATE_INFOPLIST_FILE = YES;
				IPHONEOS_DEPLOYMENT_TARGET = 16.4;
				MARKETING_VERSION = 1.0;
				PRODUCT_BUNDLE_IDENTIFIER = "moon.ChatList-MoonTests";
				PRODUCT_NAME = "$(TARGET_NAME)";
				SWIFT_EMIT_LOC_STRINGS = NO;
				SWIFT_VERSION = 5.0;
				TARGETED_DEVICE_FAMILY = "1,2";
				TEST_HOST = "$(BUILT_PRODUCTS_DIR)/ChatList_Moon.app/$(BUNDLE_EXECUTABLE_FOLDER_PATH)/ChatList_Moon";
			};
			name = Debug;
		};
		BE538C2A2AEEAD4B00A50757 /* Release */ = {
			isa = XCBuildConfiguration;
			buildSettings = {
				ALWAYS_EMBED_SWIFT_STANDARD_LIBRARIES = YES;
				BUNDLE_LOADER = "$(TEST_HOST)";
				CODE_SIGN_STYLE = Automatic;
				CURRENT_PROJECT_VERSION = 1;
				GENERATE_INFOPLIST_FILE = YES;
				IPHONEOS_DEPLOYMENT_TARGET = 16.4;
				MARKETING_VERSION = 1.0;
				PRODUCT_BUNDLE_IDENTIFIER = "moon.ChatList-MoonTests";
				PRODUCT_NAME = "$(TARGET_NAME)";
				SWIFT_EMIT_LOC_STRINGS = NO;
				SWIFT_VERSION = 5.0;
				TARGETED_DEVICE_FAMILY = "1,2";
				TEST_HOST = "$(BUILT_PRODUCTS_DIR)/ChatList_Moon.app/$(BUNDLE_EXECUTABLE_FOLDER_PATH)/ChatList_Moon";
			};
			name = Release;
		};
		BE538C2C2AEEAD4B00A50757 /* Debug */ = {
			isa = XCBuildConfiguration;
			buildSettings = {
				ALWAYS_EMBED_SWIFT_STANDARD_LIBRARIES = YES;
				CODE_SIGN_STYLE = Automatic;
				CURRENT_PROJECT_VERSION = 1;
				GENERATE_INFOPLIST_FILE = YES;
				MARKETING_VERSION = 1.0;
				PRODUCT_BUNDLE_IDENTIFIER = "moon.ChatList-MoonUITests";
				PRODUCT_NAME = "$(TARGET_NAME)";
				SWIFT_EMIT_LOC_STRINGS = NO;
				SWIFT_VERSION = 5.0;
				TARGETED_DEVICE_FAMILY = "1,2";
				TEST_TARGET_NAME = ChatList_Moon;
			};
			name = Debug;
		};
		BE538C2D2AEEAD4B00A50757 /* Release */ = {
			isa = XCBuildConfiguration;
			buildSettings = {
				ALWAYS_EMBED_SWIFT_STANDARD_LIBRARIES = YES;
				CODE_SIGN_STYLE = Automatic;
				CURRENT_PROJECT_VERSION = 1;
				GENERATE_INFOPLIST_FILE = YES;
				MARKETING_VERSION = 1.0;
				PRODUCT_BUNDLE_IDENTIFIER = "moon.ChatList-MoonUITests";
				PRODUCT_NAME = "$(TARGET_NAME)";
				SWIFT_EMIT_LOC_STRINGS = NO;
				SWIFT_VERSION = 5.0;
				TARGETED_DEVICE_FAMILY = "1,2";
				TEST_TARGET_NAME = ChatList_Moon;
			};
			name = Release;
		};
/* End XCBuildConfiguration section */

/* Begin XCConfigurationList section */
		BE538BF62AEEAD4A00A50757 /* Build configuration list for PBXProject "ChatList_Moon" */ = {
			isa = XCConfigurationList;
			buildConfigurations = (
				BE538C232AEEAD4B00A50757 /* Debug */,
				BE538C242AEEAD4B00A50757 /* Release */,
			);
			defaultConfigurationIsVisible = 0;
			defaultConfigurationName = Release;
		};
		BE538C252AEEAD4B00A50757 /* Build configuration list for PBXNativeTarget "ChatList_Moon" */ = {
			isa = XCConfigurationList;
			buildConfigurations = (
				BE538C262AEEAD4B00A50757 /* Debug */,
				BE538C272AEEAD4B00A50757 /* Release */,
			);
			defaultConfigurationIsVisible = 0;
			defaultConfigurationName = Release;
		};
		BE538C282AEEAD4B00A50757 /* Build configuration list for PBXNativeTarget "ChatList_MoonTests" */ = {
			isa = XCConfigurationList;
			buildConfigurations = (
				BE538C292AEEAD4B00A50757 /* Debug */,
				BE538C2A2AEEAD4B00A50757 /* Release */,
			);
			defaultConfigurationIsVisible = 0;
			defaultConfigurationName = Release;
		};
		BE538C2B2AEEAD4B00A50757 /* Build configuration list for PBXNativeTarget "ChatList_MoonUITests" */ = {
			isa = XCConfigurationList;
			buildConfigurations = (
				BE538C2C2AEEAD4B00A50757 /* Debug */,
				BE538C2D2AEEAD4B00A50757 /* Release */,
			);
			defaultConfigurationIsVisible = 0;
			defaultConfigurationName = Release;
		};
/* End XCConfigurationList section */
	};
	rootObject = BE538BF32AEEAD4A00A50757 /* Project object */;
}
